
Microsoft Visual Studio Solution File, Format Version 12.00
# Visual Studio 2010
Project("{FAE04EC0-301F-11D3-BF4B-00C04F79EFBC}") = "HighriseApi", "HighriseApi\HighriseApi.csproj", "{7EDA2046-E2D0-4D32-8B70-0C3F90C51861}"
EndProject
Project("{FAE04EC0-301F-11D3-BF4B-00C04F79EFBC}") = "HighriseApi.Tests", "HighriseApi.Tests\HighriseApi.Tests.csproj", "{9A0F2764-649D-43D4-B289-ED50B5B8DD9D}"
EndProject
Project("{2150E333-8FDC-42A3-9474-1A3956D46DE8}") = "Solution Items", "Solution Items", "{4797925C-AC22-4344-8E0C-C77F3B4F758A}"
	ProjectSection(SolutionItems) = preProject
		HighriseApi.vsmdi = HighriseApi.vsmdi
		Local.testsettings = Local.testsettings
		TraceAndTestImpact.testsettings = TraceAndTestImpact.testsettings
	EndProjectSection
EndProject
Global
	GlobalSection(TestCaseManagementSettings) = postSolution
		CategoryFile = HighriseApi.vsmdi
	EndGlobalSection
	GlobalSection(SolutionConfigurationPlatforms) = preSolution
		Debug|Any CPU = Debug|Any CPU
		Release|Any CPU = Release|Any CPU
	EndGlobalSection
	GlobalSection(ProjectConfigurationPlatforms) = postSolution
		{7EDA2046-E2D0-4D32-8B70-0C3F90C51861}.Debug|Any CPU.ActiveCfg = Debug|Any CPU
		{7EDA2046-E2D0-4D32-8B70-0C3F90C51861}.Debug|Any CPU.Build.0 = Debug|Any CPU
		{7EDA2046-E2D0-4D32-8B70-0C3F90C51861}.Release|Any CPU.ActiveCfg = Release|Any CPU
		{7EDA2046-E2D0-4D32-8B70-0C3F90C51861}.Release|Any CPU.Build.0 = Release|Any CPU
		{9A0F2764-649D-43D4-B289-ED50B5B8DD9D}.Debug|Any CPU.ActiveCfg = Debug|Any CPU
		{9A0F2764-649D-43D4-B289-ED50B5B8DD9D}.Debug|Any CPU.Build.0 = Debug|Any CPU
		{9A0F2764-649D-43D4-B289-ED50B5B8DD9D}.Release|Any CPU.ActiveCfg = Release|Any CPU
		{9A0F2764-649D-43D4-B289-ED50B5B8DD9D}.Release|Any CPU.Build.0 = Release|Any CPU
	EndGlobalSection
	GlobalSection(SolutionProperties) = preSolution
		HideSolutionNode = FALSE
	EndGlobalSection
EndGlobal
